
Microsoft Visual Studio Solution File, Format Version 11.00
# Visual Studio 2010
Project("{2150E333-8FDC-42A3-9474-1A3956D46DE8}") = "Solution Items", "Solution Items", "{3E299B94-5F07-49DE-8226-55EDC56F13E3}"
	ProjectSection(SolutionItems) = preProject
		build-release.cmd = build-release.cmd
		build.cmd = build.cmd
		LICENSE.txt = LICENSE.txt
		README.markdown = README.markdown
	EndProjectSection
EndProject
Project("{FAE04EC0-301F-11D3-BF4B-00C04F79EFBC}") = "Ninject", "src\Ninject\Ninject.csproj", "{ADF369E2-6B9E-4D56-9B82-D273AE41EC2D}"
EndProject
Project("{FAE04EC0-301F-11D3-BF4B-00C04F79EFBC}") = "CommonServiceLocator.NinjectAdapter", "src\CommonServiceLocator.NinjectAdapter\CommonServiceLocator.NinjectAdapter.csproj", "{9BD94717-484B-4EB1-AF32-8D4244F02E8E}"
EndProject
Project("{FAE04EC0-301F-11D3-BF4B-00C04F79EFBC}") = "Ninject.SilverlightTests", "src\Ninject.SilverlightTests\Ninject.SilverlightTests.csproj", "{033B09D3-8532-419A-B906-36F8EB605B30}"
EndProject
Project("{FAE04EC0-301F-11D3-BF4B-00C04F79EFBC}") = "Ninject.Tests", "src\Ninject.Test\Ninject.Tests.csproj", "{7E7DE343-8DBD-42EE-94ED-036E9E0F5411}"
EndProject
Project("{FAE04EC0-301F-11D3-BF4B-00C04F79EFBC}") = "Ninject.Xna.Windows", "src\Ninject\Ninject.Xna.Windows.csproj", "{B0F13A41-9952-4569-8DE6-0A1437B60A81}"
EndProject
Project("{FAE04EC0-301F-11D3-BF4B-00C04F79EFBC}") = "Ninject.Xna.Xbox", "src\Ninject\Ninject.Xna.Xbox.csproj", "{65E94979-4590-4F8F-9169-0F6312285D1D}"
EndProject
Project("{FAE04EC0-301F-11D3-BF4B-00C04F79EFBC}") = "Ninject.Xna.WP7", "src\Ninject\Ninject.Xna.WP7.csproj", "{F018B65D-3791-4EB0-AF4C-57BC55CCF09D}"
EndProject
Global
	GlobalSection(SolutionConfigurationPlatforms) = preSolution
		AutomatedRelease|Any CPU = AutomatedRelease|Any CPU
		AutomatedRelease|Mixed Platforms = AutomatedRelease|Mixed Platforms
		AutomatedRelease|Windows Phone = AutomatedRelease|Windows Phone
		AutomatedRelease|x86 = AutomatedRelease|x86
		AutomatedRelease|Xbox 360 = AutomatedRelease|Xbox 360
		Debug .NET 4.0|Any CPU = Debug .NET 4.0|Any CPU
		Debug .NET 4.0|Mixed Platforms = Debug .NET 4.0|Mixed Platforms
		Debug .NET 4.0|Windows Phone = Debug .NET 4.0|Windows Phone
		Debug .NET 4.0|x86 = Debug .NET 4.0|x86
		Debug .NET 4.0|Xbox 360 = Debug .NET 4.0|Xbox 360
		Debug|Any CPU = Debug|Any CPU
		Debug|Mixed Platforms = Debug|Mixed Platforms
		Debug|Windows Phone = Debug|Windows Phone
		Debug|x86 = Debug|x86
		Debug|Xbox 360 = Debug|Xbox 360
		Release|Any CPU = Release|Any CPU
		Release|Mixed Platforms = Release|Mixed Platforms
		Release|Windows Phone = Release|Windows Phone
		Release|x86 = Release|x86
		Release|Xbox 360 = Release|Xbox 360
	EndGlobalSection
	GlobalSection(ProjectConfigurationPlatforms) = postSolution
		{ADF369E2-6B9E-4D56-9B82-D273AE41EC2D}.AutomatedRelease|Any CPU.ActiveCfg = AutomatedRelease|Any CPU
		{ADF369E2-6B9E-4D56-9B82-D273AE41EC2D}.AutomatedRelease|Any CPU.Build.0 = AutomatedRelease|Any CPU
		{ADF369E2-6B9E-4D56-9B82-D273AE41EC2D}.AutomatedRelease|Mixed Platforms.ActiveCfg = AutomatedRelease|Any CPU
		{ADF369E2-6B9E-4D56-9B82-D273AE41EC2D}.AutomatedRelease|Mixed Platforms.Build.0 = AutomatedRelease|Any CPU
		{ADF369E2-6B9E-4D56-9B82-D273AE41EC2D}.AutomatedRelease|Windows Phone.ActiveCfg = AutomatedRelease|Any CPU
		{ADF369E2-6B9E-4D56-9B82-D273AE41EC2D}.AutomatedRelease|x86.ActiveCfg = AutomatedRelease|Any CPU
		{ADF369E2-6B9E-4D56-9B82-D273AE41EC2D}.AutomatedRelease|Xbox 360.ActiveCfg = AutomatedRelease|Any CPU
		{ADF369E2-6B9E-4D56-9B82-D273AE41EC2D}.Debug .NET 4.0|Any CPU.ActiveCfg = Debug|Any CPU
		{ADF369E2-6B9E-4D56-9B82-D273AE41EC2D}.Debug .NET 4.0|Any CPU.Build.0 = Debug|Any CPU
		{ADF369E2-6B9E-4D56-9B82-D273AE41EC2D}.Debug .NET 4.0|Mixed Platforms.ActiveCfg = Debug|Any CPU
		{ADF369E2-6B9E-4D56-9B82-D273AE41EC2D}.Debug .NET 4.0|Mixed Platforms.Build.0 = Debug|Any CPU
		{ADF369E2-6B9E-4D56-9B82-D273AE41EC2D}.Debug .NET 4.0|Windows Phone.ActiveCfg = Debug|Any CPU
		{ADF369E2-6B9E-4D56-9B82-D273AE41EC2D}.Debug .NET 4.0|x86.ActiveCfg = Debug|Any CPU
		{ADF369E2-6B9E-4D56-9B82-D273AE41EC2D}.Debug .NET 4.0|Xbox 360.ActiveCfg = Debug|Any CPU
		{ADF369E2-6B9E-4D56-9B82-D273AE41EC2D}.Debug|Any CPU.ActiveCfg = Debug|Any CPU
		{ADF369E2-6B9E-4D56-9B82-D273AE41EC2D}.Debug|Any CPU.Build.0 = Debug|Any CPU
		{ADF369E2-6B9E-4D56-9B82-D273AE41EC2D}.Debug|Mixed Platforms.ActiveCfg = Debug|Any CPU
		{ADF369E2-6B9E-4D56-9B82-D273AE41EC2D}.Debug|Mixed Platforms.Build.0 = Debug|Any CPU
		{ADF369E2-6B9E-4D56-9B82-D273AE41EC2D}.Debug|Windows Phone.ActiveCfg = Debug|Any CPU
		{ADF369E2-6B9E-4D56-9B82-D273AE41EC2D}.Debug|x86.ActiveCfg = Debug|Any CPU
		{ADF369E2-6B9E-4D56-9B82-D273AE41EC2D}.Debug|Xbox 360.ActiveCfg = Debug|Any CPU
		{ADF369E2-6B9E-4D56-9B82-D273AE41EC2D}.Release|Any CPU.ActiveCfg = Release|Any CPU
		{ADF369E2-6B9E-4D56-9B82-D273AE41EC2D}.Release|Any CPU.Build.0 = Release|Any CPU
		{ADF369E2-6B9E-4D56-9B82-D273AE41EC2D}.Release|Mixed Platforms.ActiveCfg = Release|Any CPU
		{ADF369E2-6B9E-4D56-9B82-D273AE41EC2D}.Release|Mixed Platforms.Build.0 = Release|Any CPU
		{ADF369E2-6B9E-4D56-9B82-D273AE41EC2D}.Release|Windows Phone.ActiveCfg = Release|Any CPU
		{ADF369E2-6B9E-4D56-9B82-D273AE41EC2D}.Release|x86.ActiveCfg = Release|Any CPU
		{ADF369E2-6B9E-4D56-9B82-D273AE41EC2D}.Release|Xbox 360.ActiveCfg = Release|Any CPU
		{9BD94717-484B-4EB1-AF32-8D4244F02E8E}.AutomatedRelease|Any CPU.ActiveCfg = AutomatedRelease|Any CPU
		{9BD94717-484B-4EB1-AF32-8D4244F02E8E}.AutomatedRelease|Any CPU.Build.0 = AutomatedRelease|Any CPU
		{9BD94717-484B-4EB1-AF32-8D4244F02E8E}.AutomatedRelease|Mixed Platforms.ActiveCfg = AutomatedRelease|Any CPU
		{9BD94717-484B-4EB1-AF32-8D4244F02E8E}.AutomatedRelease|Mixed Platforms.Build.0 = AutomatedRelease|Any CPU
		{9BD94717-484B-4EB1-AF32-8D4244F02E8E}.AutomatedRelease|Windows Phone.ActiveCfg = AutomatedRelease|Any CPU
		{9BD94717-484B-4EB1-AF32-8D4244F02E8E}.AutomatedRelease|x86.ActiveCfg = AutomatedRelease|Any CPU
		{9BD94717-484B-4EB1-AF32-8D4244F02E8E}.AutomatedRelease|Xbox 360.ActiveCfg = AutomatedRelease|Any CPU
		{9BD94717-484B-4EB1-AF32-8D4244F02E8E}.Debug .NET 4.0|Any CPU.ActiveCfg = Debug|Any CPU
		{9BD94717-484B-4EB1-AF32-8D4244F02E8E}.Debug .NET 4.0|Any CPU.Build.0 = Debug|Any CPU
		{9BD94717-484B-4EB1-AF32-8D4244F02E8E}.Debug .NET 4.0|Mixed Platforms.ActiveCfg = Debug|Any CPU
		{9BD94717-484B-4EB1-AF32-8D4244F02E8E}.Debug .NET 4.0|Mixed Platforms.Build.0 = Debug|Any CPU
		{9BD94717-484B-4EB1-AF32-8D4244F02E8E}.Debug .NET 4.0|Windows Phone.ActiveCfg = Debug|Any CPU
		{9BD94717-484B-4EB1-AF32-8D4244F02E8E}.Debug .NET 4.0|x86.ActiveCfg = Debug|Any CPU
		{9BD94717-484B-4EB1-AF32-8D4244F02E8E}.Debug .NET 4.0|Xbox 360.ActiveCfg = Debug|Any CPU
		{9BD94717-484B-4EB1-AF32-8D4244F02E8E}.Debug|Any CPU.ActiveCfg = Debug|Any CPU
		{9BD94717-484B-4EB1-AF32-8D4244F02E8E}.Debug|Any CPU.Build.0 = Debug|Any CPU
		{9BD94717-484B-4EB1-AF32-8D4244F02E8E}.Debug|Mixed Platforms.ActiveCfg = Debug|Any CPU
		{9BD94717-484B-4EB1-AF32-8D4244F02E8E}.Debug|Mixed Platforms.Build.0 = Debug|Any CPU
		{9BD94717-484B-4EB1-AF32-8D4244F02E8E}.Debug|Windows Phone.ActiveCfg = Debug|Any CPU
		{9BD94717-484B-4EB1-AF32-8D4244F02E8E}.Debug|x86.ActiveCfg = Debug|Any CPU
		{9BD94717-484B-4EB1-AF32-8D4244F02E8E}.Debug|Xbox 360.ActiveCfg = Debug|Any CPU
		{9BD94717-484B-4EB1-AF32-8D4244F02E8E}.Release|Any CPU.ActiveCfg = Release|Any CPU
		{9BD94717-484B-4EB1-AF32-8D4244F02E8E}.Release|Any CPU.Build.0 = Release|Any CPU
		{9BD94717-484B-4EB1-AF32-8D4244F02E8E}.Release|Mixed Platforms.ActiveCfg = Release|Any CPU
		{9BD94717-484B-4EB1-AF32-8D4244F02E8E}.Release|Mixed Platforms.Build.0 = Release|Any CPU
		{9BD94717-484B-4EB1-AF32-8D4244F02E8E}.Release|Windows Phone.ActiveCfg = Release|Any CPU
		{9BD94717-484B-4EB1-AF32-8D4244F02E8E}.Release|x86.ActiveCfg = Release|Any CPU
		{9BD94717-484B-4EB1-AF32-8D4244F02E8E}.Release|Xbox 360.ActiveCfg = Release|Any CPU
		{033B09D3-8532-419A-B906-36F8EB605B30}.AutomatedRelease|Any CPU.ActiveCfg = Release|Any CPU
		{033B09D3-8532-419A-B906-36F8EB605B30}.AutomatedRelease|Any CPU.Build.0 = Release|Any CPU
		{033B09D3-8532-419A-B906-36F8EB605B30}.AutomatedRelease|Mixed Platforms.ActiveCfg = Release|Any CPU
		{033B09D3-8532-419A-B906-36F8EB605B30}.AutomatedRelease|Windows Phone.ActiveCfg = Release|Any CPU
		{033B09D3-8532-419A-B906-36F8EB605B30}.AutomatedRelease|x86.ActiveCfg = Release|Any CPU
		{033B09D3-8532-419A-B906-36F8EB605B30}.AutomatedRelease|Xbox 360.ActiveCfg = Release|Any CPU
		{033B09D3-8532-419A-B906-36F8EB605B30}.Debug .NET 4.0|Any CPU.ActiveCfg = Debug|Any CPU
		{033B09D3-8532-419A-B906-36F8EB605B30}.Debug .NET 4.0|Any CPU.Build.0 = Debug|Any CPU
		{033B09D3-8532-419A-B906-36F8EB605B30}.Debug .NET 4.0|Mixed Platforms.ActiveCfg = Debug|Any CPU
		{033B09D3-8532-419A-B906-36F8EB605B30}.Debug .NET 4.0|Windows Phone.ActiveCfg = Debug|Any CPU
		{033B09D3-8532-419A-B906-36F8EB605B30}.Debug .NET 4.0|x86.ActiveCfg = Debug|Any CPU
		{033B09D3-8532-419A-B906-36F8EB605B30}.Debug .NET 4.0|Xbox 360.ActiveCfg = Debug|Any CPU
		{033B09D3-8532-419A-B906-36F8EB605B30}.Debug|Any CPU.ActiveCfg = Debug|Any CPU
		{033B09D3-8532-419A-B906-36F8EB605B30}.Debug|Any CPU.Build.0 = Debug|Any CPU
		{033B09D3-8532-419A-B906-36F8EB605B30}.Debug|Mixed Platforms.ActiveCfg = Debug|Any CPU
		{033B09D3-8532-419A-B906-36F8EB605B30}.Debug|Windows Phone.ActiveCfg = Debug|Any CPU
		{033B09D3-8532-419A-B906-36F8EB605B30}.Debug|x86.ActiveCfg = Debug|Any CPU
		{033B09D3-8532-419A-B906-36F8EB605B30}.Debug|Xbox 360.ActiveCfg = Debug|Any CPU
		{033B09D3-8532-419A-B906-36F8EB605B30}.Release|Any CPU.ActiveCfg = Release|Any CPU
		{033B09D3-8532-419A-B906-36F8EB605B30}.Release|Any CPU.Build.0 = Release|Any CPU
		{033B09D3-8532-419A-B906-36F8EB605B30}.Release|Mixed Platforms.ActiveCfg = Release|Any CPU
		{033B09D3-8532-419A-B906-36F8EB605B30}.Release|Windows Phone.ActiveCfg = Release|Any CPU
		{033B09D3-8532-419A-B906-36F8EB605B30}.Release|x86.ActiveCfg = Release|Any CPU
		{033B09D3-8532-419A-B906-36F8EB605B30}.Release|Xbox 360.ActiveCfg = Release|Any CPU
		{7E7DE343-8DBD-42EE-94ED-036E9E0F5411}.AutomatedRelease|Any CPU.ActiveCfg = AutomatedRelease|Any CPU
		{7E7DE343-8DBD-42EE-94ED-036E9E0F5411}.AutomatedRelease|Any CPU.Build.0 = AutomatedRelease|Any CPU
		{7E7DE343-8DBD-42EE-94ED-036E9E0F5411}.AutomatedRelease|Mixed Platforms.ActiveCfg = AutomatedRelease|Any CPU
		{7E7DE343-8DBD-42EE-94ED-036E9E0F5411}.AutomatedRelease|Mixed Platforms.Build.0 = AutomatedRelease|Any CPU
		{7E7DE343-8DBD-42EE-94ED-036E9E0F5411}.AutomatedRelease|Windows Phone.ActiveCfg = AutomatedRelease|Any CPU
		{7E7DE343-8DBD-42EE-94ED-036E9E0F5411}.AutomatedRelease|x86.ActiveCfg = AutomatedRelease|Any CPU
		{7E7DE343-8DBD-42EE-94ED-036E9E0F5411}.AutomatedRelease|Xbox 360.ActiveCfg = AutomatedRelease|Any CPU
		{7E7DE343-8DBD-42EE-94ED-036E9E0F5411}.Debug .NET 4.0|Any CPU.ActiveCfg = Debug .NET 4.0|Any CPU
		{7E7DE343-8DBD-42EE-94ED-036E9E0F5411}.Debug .NET 4.0|Any CPU.Build.0 = Debug .NET 4.0|Any CPU
		{7E7DE343-8DBD-42EE-94ED-036E9E0F5411}.Debug .NET 4.0|Mixed Platforms.ActiveCfg = Debug .NET 4.0|Any CPU
		{7E7DE343-8DBD-42EE-94ED-036E9E0F5411}.Debug .NET 4.0|Mixed Platforms.Build.0 = Debug .NET 4.0|Any CPU
		{7E7DE343-8DBD-42EE-94ED-036E9E0F5411}.Debug .NET 4.0|Windows Phone.ActiveCfg = Debug .NET 4.0|Any CPU
		{7E7DE343-8DBD-42EE-94ED-036E9E0F5411}.Debug .NET 4.0|x86.ActiveCfg = Debug .NET 4.0|Any CPU
		{7E7DE343-8DBD-42EE-94ED-036E9E0F5411}.Debug .NET 4.0|Xbox 360.ActiveCfg = Debug .NET 4.0|Any CPU
		{7E7DE343-8DBD-42EE-94ED-036E9E0F5411}.Debug|Any CPU.ActiveCfg = Debug|Any CPU
		{7E7DE343-8DBD-42EE-94ED-036E9E0F5411}.Debug|Any CPU.Build.0 = Debug|Any CPU
		{7E7DE343-8DBD-42EE-94ED-036E9E0F5411}.Debug|Mixed Platforms.ActiveCfg = Debug|Any CPU
		{7E7DE343-8DBD-42EE-94ED-036E9E0F5411}.Debug|Mixed Platforms.Build.0 = Debug|Any CPU
		{7E7DE343-8DBD-42EE-94ED-036E9E0F5411}.Debug|Windows Phone.ActiveCfg = Debug|Any CPU
		{7E7DE343-8DBD-42EE-94ED-036E9E0F5411}.Debug|x86.ActiveCfg = Debug|Any CPU
		{7E7DE343-8DBD-42EE-94ED-036E9E0F5411}.Debug|Xbox 360.ActiveCfg = Debug|Any CPU
		{7E7DE343-8DBD-42EE-94ED-036E9E0F5411}.Release|Any CPU.ActiveCfg = Release|Any CPU
		{7E7DE343-8DBD-42EE-94ED-036E9E0F5411}.Release|Any CPU.Build.0 = Release|Any CPU
		{7E7DE343-8DBD-42EE-94ED-036E9E0F5411}.Release|Mixed Platforms.ActiveCfg = Release|Any CPU
		{7E7DE343-8DBD-42EE-94ED-036E9E0F5411}.Release|Mixed Platforms.Build.0 = Release|Any CPU
		{7E7DE343-8DBD-42EE-94ED-036E9E0F5411}.Release|Windows Phone.ActiveCfg = Release|Any CPU
		{7E7DE343-8DBD-42EE-94ED-036E9E0F5411}.Release|x86.ActiveCfg = Release|Any CPU
		{7E7DE343-8DBD-42EE-94ED-036E9E0F5411}.Release|Xbox 360.ActiveCfg = Release|Any CPU
		{B0F13A41-9952-4569-8DE6-0A1437B60A81}.AutomatedRelease|Any CPU.ActiveCfg = Release|x86
		{B0F13A41-9952-4569-8DE6-0A1437B60A81}.AutomatedRelease|Mixed Platforms.ActiveCfg = Release|x86
		{B0F13A41-9952-4569-8DE6-0A1437B60A81}.AutomatedRelease|Mixed Platforms.Build.0 = Release|x86
		{B0F13A41-9952-4569-8DE6-0A1437B60A81}.AutomatedRelease|Windows Phone.ActiveCfg = Release|x86
		{B0F13A41-9952-4569-8DE6-0A1437B60A81}.AutomatedRelease|x86.ActiveCfg = Release|x86
		{B0F13A41-9952-4569-8DE6-0A1437B60A81}.AutomatedRelease|x86.Build.0 = Release|x86
		{B0F13A41-9952-4569-8DE6-0A1437B60A81}.AutomatedRelease|Xbox 360.ActiveCfg = Release|x86
		{B0F13A41-9952-4569-8DE6-0A1437B60A81}.Debug .NET 4.0|Any CPU.ActiveCfg = Debug|x86
		{B0F13A41-9952-4569-8DE6-0A1437B60A81}.Debug .NET 4.0|Mixed Platforms.ActiveCfg = Debug|x86
		{B0F13A41-9952-4569-8DE6-0A1437B60A81}.Debug .NET 4.0|Mixed Platforms.Build.0 = Debug|x86
		{B0F13A41-9952-4569-8DE6-0A1437B60A81}.Debug .NET 4.0|Windows Phone.ActiveCfg = Debug|x86
		{B0F13A41-9952-4569-8DE6-0A1437B60A81}.Debug .NET 4.0|x86.ActiveCfg = Debug|x86
		{B0F13A41-9952-4569-8DE6-0A1437B60A81}.Debug .NET 4.0|x86.Build.0 = Debug|x86
		{B0F13A41-9952-4569-8DE6-0A1437B60A81}.Debug .NET 4.0|Xbox 360.ActiveCfg = Debug|x86
		{B0F13A41-9952-4569-8DE6-0A1437B60A81}.Debug|Any CPU.ActiveCfg = Debug|x86
		{B0F13A41-9952-4569-8DE6-0A1437B60A81}.Debug|Mixed Platforms.ActiveCfg = Debug|x86
		{B0F13A41-9952-4569-8DE6-0A1437B60A81}.Debug|Mixed Platforms.Build.0 = Debug|x86
		{B0F13A41-9952-4569-8DE6-0A1437B60A81}.Debug|Windows Phone.ActiveCfg = Debug|x86
		{B0F13A41-9952-4569-8DE6-0A1437B60A81}.Debug|x86.ActiveCfg = Debug|x86
		{B0F13A41-9952-4569-8DE6-0A1437B60A81}.Debug|x86.Build.0 = Debug|x86
		{B0F13A41-9952-4569-8DE6-0A1437B60A81}.Debug|Xbox 360.ActiveCfg = Debug|x86
		{B0F13A41-9952-4569-8DE6-0A1437B60A81}.Release|Any CPU.ActiveCfg = Release|x86
		{B0F13A41-9952-4569-8DE6-0A1437B60A81}.Release|Mixed Platforms.ActiveCfg = Release|x86
		{B0F13A41-9952-4569-8DE6-0A1437B60A81}.Release|Mixed Platforms.Build.0 = Release|x86
		{B0F13A41-9952-4569-8DE6-0A1437B60A81}.Release|Windows Phone.ActiveCfg = Release|x86
		{B0F13A41-9952-4569-8DE6-0A1437B60A81}.Release|x86.ActiveCfg = Release|x86
		{B0F13A41-9952-4569-8DE6-0A1437B60A81}.Release|x86.Build.0 = Release|x86
		{B0F13A41-9952-4569-8DE6-0A1437B60A81}.Release|Xbox 360.ActiveCfg = Release|x86
		{65E94979-4590-4F8F-9169-0F6312285D1D}.AutomatedRelease|Any CPU.ActiveCfg = Release|Xbox 360
		{65E94979-4590-4F8F-9169-0F6312285D1D}.AutomatedRelease|Mixed Platforms.ActiveCfg = Release|Xbox 360
		{65E94979-4590-4F8F-9169-0F6312285D1D}.AutomatedRelease|Mixed Platforms.Build.0 = Release|Xbox 360
		{65E94979-4590-4F8F-9169-0F6312285D1D}.AutomatedRelease|Windows Phone.ActiveCfg = Release|Xbox 360
		{65E94979-4590-4F8F-9169-0F6312285D1D}.AutomatedRelease|x86.ActiveCfg = Release|Xbox 360
		{65E94979-4590-4F8F-9169-0F6312285D1D}.AutomatedRelease|Xbox 360.ActiveCfg = Release|Xbox 360
		{65E94979-4590-4F8F-9169-0F6312285D1D}.AutomatedRelease|Xbox 360.Build.0 = Release|Xbox 360
		{65E94979-4590-4F8F-9169-0F6312285D1D}.Debug .NET 4.0|Any CPU.ActiveCfg = Debug|Xbox 360
		{65E94979-4590-4F8F-9169-0F6312285D1D}.Debug .NET 4.0|Mixed Platforms.ActiveCfg = Debug|Xbox 360
		{65E94979-4590-4F8F-9169-0F6312285D1D}.Debug .NET 4.0|Mixed Platforms.Build.0 = Debug|Xbox 360
		{65E94979-4590-4F8F-9169-0F6312285D1D}.Debug .NET 4.0|Windows Phone.ActiveCfg = Debug|Xbox 360
		{65E94979-4590-4F8F-9169-0F6312285D1D}.Debug .NET 4.0|x86.ActiveCfg = Debug|Xbox 360
		{65E94979-4590-4F8F-9169-0F6312285D1D}.Debug .NET 4.0|Xbox 360.ActiveCfg = Debug|Xbox 360
		{65E94979-4590-4F8F-9169-0F6312285D1D}.Debug .NET 4.0|Xbox 360.Build.0 = Debug|Xbox 360
		{65E94979-4590-4F8F-9169-0F6312285D1D}.Debug|Any CPU.ActiveCfg = Debug|Xbox 360
		{65E94979-4590-4F8F-9169-0F6312285D1D}.Debug|Mixed Platforms.ActiveCfg = Debug|Xbox 360
		{65E94979-4590-4F8F-9169-0F6312285D1D}.Debug|Mixed Platforms.Build.0 = Debug|Xbox 360
		{65E94979-4590-4F8F-9169-0F6312285D1D}.Debug|Windows Phone.ActiveCfg = Debug|Xbox 360
		{65E94979-4590-4F8F-9169-0F6312285D1D}.Debug|x86.ActiveCfg = Debug|Xbox 360
		{65E94979-4590-4F8F-9169-0F6312285D1D}.Debug|Xbox 360.ActiveCfg = Debug|Xbox 360
		{65E94979-4590-4F8F-9169-0F6312285D1D}.Debug|Xbox 360.Build.0 = Debug|Xbox 360
		{65E94979-4590-4F8F-9169-0F6312285D1D}.Release|Any CPU.ActiveCfg = Release|Xbox 360
		{65E94979-4590-4F8F-9169-0F6312285D1D}.Release|Mixed Platforms.ActiveCfg = Release|Xbox 360
		{65E94979-4590-4F8F-9169-0F6312285D1D}.Release|Mixed Platforms.Build.0 = Release|Xbox 360
		{65E94979-4590-4F8F-9169-0F6312285D1D}.Release|Windows Phone.ActiveCfg = Release|Xbox 360
		{65E94979-4590-4F8F-9169-0F6312285D1D}.Release|x86.ActiveCfg = Release|Xbox 360
		{65E94979-4590-4F8F-9169-0F6312285D1D}.Release|Xbox 360.ActiveCfg = Release|Xbox 360
		{65E94979-4590-4F8F-9169-0F6312285D1D}.Release|Xbox 360.Build.0 = Release|Xbox 360
		{F018B65D-3791-4EB0-AF4C-57BC55CCF09D}.AutomatedRelease|Any CPU.ActiveCfg = Release|Windows Phone
		{F018B65D-3791-4EB0-AF4C-57BC55CCF09D}.AutomatedRelease|Mixed Platforms.ActiveCfg = Release|Windows Phone
		{F018B65D-3791-4EB0-AF4C-57BC55CCF09D}.AutomatedRelease|Mixed Platforms.Build.0 = Release|Windows Phone
		{F018B65D-3791-4EB0-AF4C-57BC55CCF09D}.AutomatedRelease|Windows Phone.ActiveCfg = Release|Windows Phone
		{F018B65D-3791-4EB0-AF4C-57BC55CCF09D}.AutomatedRelease|Windows Phone.Build.0 = Release|Windows Phone
		{F018B65D-3791-4EB0-AF4C-57BC55CCF09D}.AutomatedRelease|x86.ActiveCfg = Release|Windows Phone
		{F018B65D-3791-4EB0-AF4C-57BC55CCF09D}.AutomatedRelease|Xbox 360.ActiveCfg = Release|Windows Phone
		{F018B65D-3791-4EB0-AF4C-57BC55CCF09D}.Debug .NET 4.0|Any CPU.ActiveCfg = Debug|Windows Phone
		{F018B65D-3791-4EB0-AF4C-57BC55CCF09D}.Debug .NET 4.0|Mixed Platforms.ActiveCfg = Debug|Windows Phone
		{F018B65D-3791-4EB0-AF4C-57BC55CCF09D}.Debug .NET 4.0|Mixed Platforms.Build.0 = Debug|Windows Phone
		{F018B65D-3791-4EB0-AF4C-57BC55CCF09D}.Debug .NET 4.0|Windows Phone.ActiveCfg = Debug|Windows Phone
		{F018B65D-3791-4EB0-AF4C-57BC55CCF09D}.Debug .NET 4.0|Windows Phone.Build.0 = Debug|Windows Phone
		{F018B65D-3791-4EB0-AF4C-57BC55CCF09D}.Debug .NET 4.0|x86.ActiveCfg = Debug|Windows Phone
		{F018B65D-3791-4EB0-AF4C-57BC55CCF09D}.Debug .NET 4.0|Xbox 360.ActiveCfg = Debug|Windows Phone
		{F018B65D-3791-4EB0-AF4C-57BC55CCF09D}.Debug|Any CPU.ActiveCfg = Debug|Windows Phone
		{F018B65D-3791-4EB0-AF4C-57BC55CCF09D}.Debug|Mixed Platforms.ActiveCfg = Debug|Windows Phone
		{F018B65D-3791-4EB0-AF4C-57BC55CCF09D}.Debug|Mixed Platforms.Build.0 = Debug|Windows Phone
		{F018B65D-3791-4EB0-AF4C-57BC55CCF09D}.Debug|Windows Phone.ActiveCfg = Debug|Windows Phone
		{F018B65D-3791-4EB0-AF4C-57BC55CCF09D}.Debug|Windows Phone.Build.0 = Debug|Windows Phone
		{F018B65D-3791-4EB0-AF4C-57BC55CCF09D}.Debug|x86.ActiveCfg = Debug|Windows Phone
		{F018B65D-3791-4EB0-AF4C-57BC55CCF09D}.Debug|Xbox 360.ActiveCfg = Debug|Windows Phone
		{F018B65D-3791-4EB0-AF4C-57BC55CCF09D}.Release|Any CPU.ActiveCfg = Release|Windows Phone
		{F018B65D-3791-4EB0-AF4C-57BC55CCF09D}.Release|Mixed Platforms.ActiveCfg = Release|Windows Phone
		{F018B65D-3791-4EB0-AF4C-57BC55CCF09D}.Release|Mixed Platforms.Build.0 = Release|Windows Phone
		{F018B65D-3791-4EB0-AF4C-57BC55CCF09D}.Release|Windows Phone.ActiveCfg = Release|Windows Phone
		{F018B65D-3791-4EB0-AF4C-57BC55CCF09D}.Release|Windows Phone.Build.0 = Release|Windows Phone
		{F018B65D-3791-4EB0-AF4C-57BC55CCF09D}.Release|x86.ActiveCfg = Release|Windows Phone
		{F018B65D-3791-4EB0-AF4C-57BC55CCF09D}.Release|Xbox 360.ActiveCfg = Release|Windows Phone
	EndGlobalSection
	GlobalSection(SolutionProperties) = preSolution
		HideSolutionNode = FALSE
	EndGlobalSection
EndGlobal
